
Microsoft Visual Studio Solution File, Format Version 12.00
# Visual Studio Version 17
VisualStudioVersion = 17.7.34221.43
MinimumVisualStudioVersion = 10.0.40219.1
Project("{9A19103F-16F7-4668-BE54-9A1E7A4F7556}") = "spartagame", "spartagame.csproj", "{D29DD80F-A762-4B3F-A4F2-D60C9D493DC4}"
EndProject
Global
	GlobalSection(SolutionConfigurationPlatforms) = preSolution
		Debug|Any CPU = Debug|Any CPU
		Release|Any CPU = Release|Any CPU
	EndGlobalSection
	GlobalSection(ProjectConfigurationPlatforms) = postSolution
		{D29DD80F-A762-4B3F-A4F2-D60C9D493DC4}.Debug|Any CPU.ActiveCfg = Debug|Any CPU
		{D29DD80F-A762-4B3F-A4F2-D60C9D493DC4}.Debug|Any CPU.Build.0 = Debug|Any CPU
		{D29DD80F-A762-4B3F-A4F2-D60C9D493DC4}.Release|Any CPU.ActiveCfg = Release|Any CPU
		{D29DD80F-A762-4B3F-A4F2-D60C9D493DC4}.Release|Any CPU.Build.0 = Release|Any CPU
	EndGlobalSection
	GlobalSection(SolutionProperties) = preSolution
		HideSolutionNode = FALSE
	EndGlobalSection
	GlobalSection(ExtensibilityGlobals) = postSolution
		SolutionGuid = {21230DD9-5DB2-46D3-A530-73E0291EADFA}
	EndGlobalSection
EndGlobal
